// !$*UTF8*$!
{
	archiveVersion = 1;
	classes = {
	};
	objectVersion = 50;
	objects = {

/* Begin PBXBuildFile section */
		4685796920760CC3004266D1 /* Assets.xcassets in Resources */ = {isa = PBXBuildFile; fileRef = 4685795A20760CC2004266D1 /* Assets.xcassets */; };
		4685796A20760CC3004266D1 /* VideoPreviewView.swift in Sources */ = {isa = PBXBuildFile; fileRef = 4685795C20760CC3004266D1 /* VideoPreviewView.swift */; };
		4685796B20760CC3004266D1 /* NetworkCoordinator.swift in Sources */ = {isa = PBXBuildFile; fileRef = 4685795D20760CC3004266D1 /* NetworkCoordinator.swift */; };
		4685796C20760CC3004266D1 /* BarcodeScanner.xcdatamodeld in Sources */ = {isa = PBXBuildFile; fileRef = 4685795F20760CC3004266D1 /* BarcodeScanner.xcdatamodeld */; };
		4685796D20760CC3004266D1 /* BarcodeScannerVC.swift in Sources */ = {isa = PBXBuildFile; fileRef = 4685796220760CC3004266D1 /* BarcodeScannerVC.swift */; };
		4685796E20760CC3004266D1 /* AppDelegate.swift in Sources */ = {isa = PBXBuildFile; fileRef = 4685796320760CC3004266D1 /* AppDelegate.swift */; };
		4685796F20760CC3004266D1 /* LaunchScreen.storyboard in Resources */ = {isa = PBXBuildFile; fileRef = 4685796520760CC3004266D1 /* LaunchScreen.storyboard */; };
		4685797020760CC3004266D1 /* Main.storyboard in Resources */ = {isa = PBXBuildFile; fileRef = 4685796720760CC3004266D1 /* Main.storyboard */; };
/* End PBXBuildFile section */

/* Begin PBXFileReference section */
		4685795A20760CC2004266D1 /* Assets.xcassets */ = {isa = PBXFileReference; lastKnownFileType = folder.assetcatalog; path = Assets.xcassets; sourceTree = "<group>"; };
		4685795C20760CC3004266D1 /* VideoPreviewView.swift */ = {isa = PBXFileReference; fileEncoding = 4; lastKnownFileType = sourcecode.swift; path = VideoPreviewView.swift; sourceTree = "<group>"; };
		4685795D20760CC3004266D1 /* NetworkCoordinator.swift */ = {isa = PBXFileReference; fileEncoding = 4; lastKnownFileType = sourcecode.swift; path = NetworkCoordinator.swift; sourceTree = "<group>"; };
		4685796020760CC3004266D1 /* BarcodeScanner.xcdatamodel */ = {isa = PBXFileReference; lastKnownFileType = wrapper.xcdatamodel; path = BarcodeScanner.xcdatamodel; sourceTree = "<group>"; };
		4685796220760CC3004266D1 /* BarcodeScannerVC.swift */ = {isa = PBXFileReference; fileEncoding = 4; lastKnownFileType = sourcecode.swift; path = BarcodeScannerVC.swift; sourceTree = "<group>"; };
		4685796320760CC3004266D1 /* AppDelegate.swift */ = {isa = PBXFileReference; fileEncoding = 4; lastKnownFileType = sourcecode.swift; path = AppDelegate.swift; sourceTree = "<group>"; };
		4685796620760CC3004266D1 /* Base */ = {isa = PBXFileReference; lastKnownFileType = file.storyboard; name = Base; path = Base.lproj/LaunchScreen.storyboard; sourceTree = "<group>"; };
		4685796820760CC3004266D1 /* Base */ = {isa = PBXFileReference; lastKnownFileType = file.storyboard; name = Base; path = Base.lproj/Main.storyboard; sourceTree = "<group>"; };
		46CC0DFA2075E39100E51ABD /* BarcodeScanner.app */ = {isa = PBXFileReference; explicitFileType = wrapper.application; includeInIndex = 0; path = BarcodeScanner.app; sourceTree = BUILT_PRODUCTS_DIR; };
		46CC0E0C2075E39200E51ABD /* Info.plist */ = {isa = PBXFileReference; lastKnownFileType = text.plist.xml; path = Info.plist; sourceTree = "<group>"; };
/* End PBXFileReference section */

/* Begin PBXFrameworksBuildPhase section */
		46CC0DF72075E39100E51ABD /* Frameworks */ = {
			isa = PBXFrameworksBuildPhase;
			buildActionMask = 2147483647;
			files = (
			);
			runOnlyForDeploymentPostprocessing = 0;
		};
/* End PBXFrameworksBuildPhase section */

/* Begin PBXGroup section */
		4685795920760CC2004266D1 /* Resources */ = {
			isa = PBXGroup;
			children = (
				4685795A20760CC2004266D1 /* Assets.xcassets */,
			);
			path = Resources;
			sourceTree = "<group>";
		};
		4685795B20760CC3004266D1 /* CustomClasses */ = {
			isa = PBXGroup;
			children = (
				4685795C20760CC3004266D1 /* VideoPreviewView.swift */,
				4685795D20760CC3004266D1 /* NetworkCoordinator.swift */,
			);
			path = CustomClasses;
			sourceTree = "<group>";
		};
		4685795E20760CC3004266D1 /* DataModels */ = {
			isa = PBXGroup;
			children = (
				4685795F20760CC3004266D1 /* BarcodeScanner.xcdatamodeld */,
			);
			path = DataModels;
			sourceTree = "<group>";
		};
		4685796120760CC3004266D1 /* ViewControllers */ = {
			isa = PBXGroup;
			children = (
				4685796220760CC3004266D1 /* BarcodeScannerVC.swift */,
				4685796320760CC3004266D1 /* AppDelegate.swift */,
			);
			path = ViewControllers;
			sourceTree = "<group>";
		};
		4685796420760CC3004266D1 /* View */ = {
			isa = PBXGroup;
			children = (
				4685796520760CC3004266D1 /* LaunchScreen.storyboard */,
				4685796720760CC3004266D1 /* Main.storyboard */,
			);
			path = View;
			sourceTree = "<group>";
		};
		46CC0DF12075E39100E51ABD = {
			isa = PBXGroup;
			children = (
				46CC0DFC2075E39100E51ABD /* BarcodeScanner */,
				46CC0DFB2075E39100E51ABD /* Products */,
			);
			sourceTree = "<group>";
		};
		46CC0DFB2075E39100E51ABD /* Products */ = {
			isa = PBXGroup;
			children = (
				46CC0DFA2075E39100E51ABD /* BarcodeScanner.app */,
			);
			name = Products;
			sourceTree = "<group>";
		};
		46CC0DFC2075E39100E51ABD /* BarcodeScanner */ = {
			isa = PBXGroup;
			children = (
				4685795B20760CC3004266D1 /* CustomClasses */,
				4685795E20760CC3004266D1 /* DataModels */,
				4685795920760CC2004266D1 /* Resources */,
				4685796420760CC3004266D1 /* View */,
				4685796120760CC3004266D1 /* ViewControllers */,
				46CC0E0C2075E39200E51ABD /* Info.plist */,
			);
			path = BarcodeScanner;
			sourceTree = "<group>";
		};
/* End PBXGroup section */

/* Begin PBXNativeTarget section */
		46CC0DF92075E39100E51ABD /* BarcodeScanner */ = {
			isa = PBXNativeTarget;
			buildConfigurationList = 46CC0E0F2075E39200E51ABD /* Build configuration list for PBXNativeTarget "BarcodeScanner" */;
			buildPhases = (
				46CC0DF62075E39100E51ABD /* Sources */,
				46CC0DF72075E39100E51ABD /* Frameworks */,
				46CC0DF82075E39100E51ABD /* Resources */,
			);
			buildRules = (
			);
			dependencies = (
			);
			name = BarcodeScanner;
			productName = BarcodeScanner;
			productReference = 46CC0DFA2075E39100E51ABD /* BarcodeScanner.app */;
			productType = "com.apple.product-type.application";
		};
/* End PBXNativeTarget section */

/* Begin PBXProject section */
		46CC0DF22075E39100E51ABD /* Project object */ = {
			isa = PBXProject;
			attributes = {
				LastSwiftUpdateCheck = 0930;
				LastUpgradeCheck = 0930;
				ORGANIZATIONNAME = "Akshay Kuchhadiya";
				TargetAttributes = {
					46CC0DF92075E39100E51ABD = {
						CreatedOnToolsVersion = 9.3;
					};
				};
			};
			buildConfigurationList = 46CC0DF52075E39100E51ABD /* Build configuration list for PBXProject "BarcodeScanner" */;
			compatibilityVersion = "Xcode 9.3";
			developmentRegion = en;
			hasScannedForEncodings = 0;
			knownRegions = (
				en,
				Base,
			);
			mainGroup = 46CC0DF12075E39100E51ABD;
			productRefGroup = 46CC0DFB2075E39100E51ABD /* Products */;
			projectDirPath = "";
			projectRoot = "";
			targets = (
				46CC0DF92075E39100E51ABD /* BarcodeScanner */,
			);
		};
/* End PBXProject section */

/* Begin PBXResourcesBuildPhase section */
		46CC0DF82075E39100E51ABD /* Resources */ = {
			isa = PBXResourcesBuildPhase;
			buildActionMask = 2147483647;
			files = (
				4685797020760CC3004266D1 /* Main.storyboard in Resources */,
				4685796920760CC3004266D1 /* Assets.xcassets in Resources */,
				4685796F20760CC3004266D1 /* LaunchScreen.storyboard in Resources */,
			);
			runOnlyForDeploymentPostprocessing = 0;
		};
/* End PBXResourcesBuildPhase section */

/* Begin PBXSourcesBuildPhase section */
		46CC0DF62075E39100E51ABD /* Sources */ = {
			isa = PBXSourcesBuildPhase;
			buildActionMask = 2147483647;
			files = (
				4685796D20760CC3004266D1 /* BarcodeScannerVC.swift in Sources */,
				4685796A20760CC3004266D1 /* VideoPreviewView.swift in Sources */,
				4685796B20760CC3004266D1 /* NetworkCoordinator.swift in Sources */,
				4685796E20760CC3004266D1 /* AppDelegate.swift in Sources */,
				4685796C20760CC3004266D1 /* BarcodeScanner.xcdatamodeld in Sources */,
			);
			runOnlyForDeploymentPostprocessing = 0;
		};
/* End PBXSourcesBuildPhase section */

/* Begin PBXVariantGroup section */
		4685796520760CC3004266D1 /* LaunchScreen.storyboard */ = {
			isa = PBXVariantGroup;
			children = (
				4685796620760CC3004266D1 /* Base */,
			);
			name = LaunchScreen.storyboard;
			sourceTree = "<group>";
		};
		4685796720760CC3004266D1 /* Main.storyboard */ = {
			isa = PBXVariantGroup;
			children = (
				4685796820760CC3004266D1 /* Base */,
			);
			name = Main.storyboard;
			sourceTree = "<group>";
		};
/* End PBXVariantGroup section */

/* Begin XCBuildConfiguration section */
		46CC0E0D2075E39200E51ABD /* Debug */ = {
			isa = XCBuildConfiguration;
			buildSettings = {
				ALWAYS_SEARCH_USER_PATHS = NO;
				CLANG_ANALYZER_NONNULL = YES;
				CLANG_ANALYZER_NUMBER_OBJECT_CONVERSION = YES_AGGRESSIVE;
				CLANG_CXX_LANGUAGE_STANDARD = "gnu++14";
				CLANG_CXX_LIBRARY = "libc++";
				CLANG_ENABLE_MODULES = YES;
				CLANG_ENABLE_OBJC_ARC = YES;
				CLANG_ENABLE_OBJC_WEAK = YES;
				CLANG_WARN_BLOCK_CAPTURE_AUTORELEASING = YES;
				CLANG_WARN_BOOL_CONVERSION = YES;
				CLANG_WARN_COMMA = YES;
				CLANG_WARN_CONSTANT_CONVERSION = YES;
				CLANG_WARN_DEPRECATED_OBJC_IMPLEMENTATIONS = YES;
				CLANG_WARN_DIRECT_OBJC_ISA_USAGE = YES_ERROR;
				CLANG_WARN_DOCUMENTATION_COMMENTS = YES;
				CLANG_WARN_EMPTY_BODY = YES;
				CLANG_WARN_ENUM_CONVERSION = YES;
				CLANG_WARN_INFINITE_RECURSION = YES;
				CLANG_WARN_INT_CONVERSION = YES;
				CLANG_WARN_NON_LITERAL_NULL_CONVERSION = YES;
				CLANG_WARN_OBJC_IMPLICIT_RETAIN_SELF = YES;
				CLANG_WARN_OBJC_LITERAL_CONVERSION = YES;
				CLANG_WARN_OBJC_ROOT_CLASS = YES_ERROR;
				CLANG_WARN_RANGE_LOOP_ANALYSIS = YES;
				CLANG_WARN_STRICT_PROTOTYPES = YES;
				CLANG_WARN_SUSPICIOUS_MOVE = YES;
				CLANG_WARN_UNGUARDED_AVAILABILITY = YES_AGGRESSIVE;
				CLANG_WARN_UNREACHABLE_CODE = YES;
				CLANG_WARN__DUPLICATE_METHOD_MATCH = YES;
				CODE_SIGN_IDENTITY = "iPhone Developer";
				COPY_PHASE_STRIP = NO;
				DEBUG_INFORMATION_FORMAT = dwarf;
				ENABLE_STRICT_OBJC_MSGSEND = YES;
				ENABLE_TESTABILITY = YES;
				GCC_C_LANGUAGE_STANDARD = gnu11;
				GCC_DYNAMIC_NO_PIC = NO;
				GCC_NO_COMMON_BLOCKS = YES;
				GCC_OPTIMIZATION_LEVEL = 0;
				GCC_PREPROCESSOR_DEFINITIONS = (
					"DEBUG=1",
					"$(inherited)",
				);
				GCC_WARN_64_TO_32_BIT_CONVERSION = YES;
				GCC_WARN_ABOUT_RETURN_TYPE = YES_ERROR;
				GCC_WARN_UNDECLARED_SELECTOR = YES;
				GCC_WARN_UNINITIALIZED_AUTOS = YES_AGGRESSIVE;
				GCC_WARN_UNUSED_FUNCTION = YES;
				GCC_WARN_UNUSED_VARIABLE = YES;
				IPHONEOS_DEPLOYMENT_TARGET = 11.3;
				MTL_ENABLE_DEBUG_INFO = YES;
				ONLY_ACTIVE_ARCH = YES;
				SDKROOT = iphoneos;
				SWIFT_ACTIVE_COMPILATION_CONDITIONS = DEBUG;
				SWIFT_OPTIMIZATION_LEVEL = "-Onone";
			};
			name = Debug;
		};
		46CC0E0E2075E39200E51ABD /* Release */ = {
			isa = XCBuildConfiguration;
			buildSettings = {
				ALWAYS_SEARCH_USER_PATHS = NO;
				CLANG_ANALYZER_NONNULL = YES;
				CLANG_ANALYZER_NUMBER_OBJECT_CONVERSION = YES_AGGRESSIVE;
				CLANG_CXX_LANGUAGE_STANDARD = "gnu++14";
				CLANG_CXX_LIBRARY = "libc++";
				CLANG_ENABLE_MODULES = YES;
				CLANG_ENABLE_OBJC_ARC = YES;
				CLANG_ENABLE_OBJC_WEAK = YES;
				CLANG_WARN_BLOCK_CAPTURE_AUTORELEASING = YES;
				CLANG_WARN_BOOL_CONVERSION = YES;
				CLANG_WARN_COMMA = YES;
				CLANG_WARN_CONSTANT_CONVERSION = YES;
				CLANG_WARN_DEPRECATED_OBJC_IMPLEMENTATIONS = YES;
				CLANG_WARN_DIRECT_OBJC_ISA_USAGE = YES_ERROR;
				CLANG_WARN_DOCUMENTATION_COMMENTS = YES;
				CLANG_WARN_EMPTY_BODY = YES;
				CLANG_WARN_ENUM_CONVERSION = YES;
				CLANG_WARN_INFINITE_RECURSION = YES;
				CLANG_WARN_INT_CONVERSION = YES;
				CLANG_WARN_NON_LITERAL_NULL_CONVERSION = YES;
				CLANG_WARN_OBJC_IMPLICIT_RETAIN_SELF = YES;
				CLANG_WARN_OBJC_LITERAL_CONVERSION = YES;
				CLANG_WARN_OBJC_ROOT_CLASS = YES_ERROR;
				CLANG_WARN_RANGE_LOOP_ANALYSIS = YES;
				CLANG_WARN_STRICT_PROTOTYPES = YES;
				CLANG_WARN_SUSPICIOUS_MOVE = YES;
				CLANG_WARN_UNGUARDED_AVAILABILITY = YES_AGGRESSIVE;
				CLANG_WARN_UNREACHABLE_CODE = YES;
				CLANG_WARN__DUPLICATE_METHOD_MATCH = YES;
				CODE_SIGN_IDENTITY = "iPhone Developer";
				COPY_PHASE_STRIP = NO;
				DEBUG_INFORMATION_FORMAT = "dwarf-with-dsym";
				ENABLE_NS_ASSERTIONS = NO;
				ENABLE_STRICT_OBJC_MSGSEND = YES;
				GCC_C_LANGUAGE_STANDARD = gnu11;
				GCC_NO_COMMON_BLOCKS = YES;
				GCC_WARN_64_TO_32_BIT_CONVERSION = YES;
				GCC_WARN_ABOUT_RETURN_TYPE = YES_ERROR;
				GCC_WARN_UNDECLARED_SELECTOR = YES;
				GCC_WARN_UNINITIALIZED_AUTOS = YES_AGGRESSIVE;
				GCC_WARN_UNUSED_FUNCTION = YES;
				GCC_WARN_UNUSED_VARIABLE = YES;
				IPHONEOS_DEPLOYMENT_TARGET = 11.3;
				MTL_ENABLE_DEBUG_INFO = NO;
				SDKROOT = iphoneos;
				SWIFT_COMPILATION_MODE = wholemodule;
				SWIFT_OPTIMIZATION_LEVEL = "-O";
				VALIDATE_PRODUCT = YES;
			};
			name = Release;
		};
		46CC0E102075E39200E51ABD /* Debug */ = {
			isa = XCBuildConfiguration;
			buildSettings = {
				ASSETCATALOG_COMPILER_APPICON_NAME = AppIcon;
				ASSETCATALOG_COMPILER_LAUNCHIMAGE_NAME = LaunchImage;
				CODE_SIGN_STYLE = Automatic;
				DEVELOPMENT_TEAM = 5CR5SDLE4P;
				INFOPLIST_FILE = BarcodeScanner/Info.plist;
				IPHONEOS_DEPLOYMENT_TARGET = 11.0;
				LD_RUNPATH_SEARCH_PATHS = (
					"$(inherited)",
					"@executable_path/Frameworks",
				);
				PRODUCT_BUNDLE_IDENTIFIER = atominc.BarcodeScanner;
				PRODUCT_NAME = "$(TARGET_NAME)";
				SWIFT_VERSION = 4.0;
				TARGETED_DEVICE_FAMILY = "1,2";
			};
			name = Debug;
		};
		46CC0E112075E39200E51ABD /* Release */ = {
			isa = XCBuildConfiguration;
			buildSettings = {
				ASSETCATALOG_COMPILER_APPICON_NAME = AppIcon;
				ASSETCATALOG_COMPILER_LAUNCHIMAGE_NAME = LaunchImage;
				CODE_SIGN_STYLE = Automatic;
				DEVELOPMENT_TEAM = 5CR5SDLE4P;
				INFOPLIST_FILE = BarcodeScanner/Info.plist;
				IPHONEOS_DEPLOYMENT_TARGET = 11.0;
				LD_RUNPATH_SEARCH_PATHS = (
					"$(inherited)",
					"@executable_path/Frameworks",
				);
				PRODUCT_BUNDLE_IDENTIFIER = atominc.BarcodeScanner;
				PRODUCT_NAME = "$(TARGET_NAME)";
				SWIFT_VERSION = 4.0;
				TARGETED_DEVICE_FAMILY = "1,2";
			};
			name = Release;
		};
/* End XCBuildConfiguration section */

/* Begin XCConfigurationList section */
		46CC0DF52075E39100E51ABD /* Build configuration list for PBXProject "BarcodeScanner" */ = {
			isa = XCConfigurationList;
			buildConfigurations = (
				46CC0E0D2075E39200E51ABD /* Debug */,
				46CC0E0E2075E39200E51ABD /* Release */,
			);
			defaultConfigurationIsVisible = 0;
			defaultConfigurationName = Release;
		};
		46CC0E0F2075E39200E51ABD /* Build configuration list for PBXNativeTarget "BarcodeScanner" */ = {
			isa = XCConfigurationList;
			buildConfigurations = (
				46CC0E102075E39200E51ABD /* Debug */,
				46CC0E112075E39200E51ABD /* Release */,
			);
			defaultConfigurationIsVisible = 0;
			defaultConfigurationName = Release;
		};
/* End XCConfigurationList section */

/* Begin XCVersionGroup section */
		4685795F20760CC3004266D1 /* BarcodeScanner.xcdatamodeld */ = {
			isa = XCVersionGroup;
			children = (
				4685796020760CC3004266D1 /* BarcodeScanner.xcdatamodel */,
			);
			currentVersion = 4685796020760CC3004266D1 /* BarcodeScanner.xcdatamodel */;
			path = BarcodeScanner.xcdatamodeld;
			sourceTree = "<group>";
			versionGroupType = wrapper.xcdatamodel;
		};
/* End XCVersionGroup section */
	};
	rootObject = 46CC0DF22075E39100E51ABD /* Project object */;
}
